<Solution>
  <Folder Name="/docker/">
    <File Path="docker/docker-compose.yml" />
  </Folder>
  <Folder Name="/src/" />
  <Folder Name="/src/API/">
    <Project Path="Woodshed.API/Woodshed.API.csproj" />
  </Folder>
  <Folder Name="/src/Core/">
    <Project Path="Woodshed.Application/Woodshed.Application.csproj" />
    <Project Path="Woodshed.Domain/Woodshed.Domain.csproj" />
  </Folder>
  <Folder Name="/src/Infrastructure/">
    <Project Path="Woodshed.Infrastructure/Woodshed.Infrastructure.csproj" />
  </Folder>
</Solution>
